
Microsoft Visual Studio Solution File, Format Version 12.00
# Visual Studio 15
VisualStudioVersion = 15.0.28307.757
MinimumVisualStudioVersion = 10.0.40219.1
Project("{FAE04EC0-301F-11D3-BF4B-00C04F79EFBC}") = "BestGuitarWeb", "BestGuitarWeb\BestGuitarWeb.csproj", "{04FDA7D7-0E4F-41E4-AC20-73F6D9749BB0}"
EndProject
Project("{2150E333-8FDC-42A3-9474-1A3956D46DE8}") = "1 - Presentation", "1 - Presentation", "{FC94866F-09ED-494E-A67F-ADF6AECCCC57}"
EndProject
Project("{2150E333-8FDC-42A3-9474-1A3956D46DE8}") = "2 - Application", "2 - Application", "{0BB353D1-3CAD-42B7-AE58-23CC1A16CB49}"
EndProject
Project("{FAE04EC0-301F-11D3-BF4B-00C04F79EFBC}") = "Application", "Application\Application.csproj", "{4580BDB5-6B99-4889-834F-83163CEA9F0F}"
EndProject
Project("{FAE04EC0-301F-11D3-BF4B-00C04F79EFBC}") = "ViewModel", "ViewModel\ViewModel.csproj", "{BC997531-B139-4734-A866-93DF223C98B3}"
EndProject
Project("{2150E333-8FDC-42A3-9474-1A3956D46DE8}") = "3 - Domain", "3 - Domain", "{842378F2-2DCA-4864-848D-03F2F51207A3}"
EndProject
Project("{FAE04EC0-301F-11D3-BF4B-00C04F79EFBC}") = "DomainEntity", "DomainEntity\DomainEntity.csproj", "{C0B7951D-6C5B-4246-8009-A04B73DE72AA}"
EndProject
Project("{FAE04EC0-301F-11D3-BF4B-00C04F79EFBC}") = "IDomainService", "IDomainService\IDomainService.csproj", "{04FE1F44-3365-443D-9248-1FC4C2601CD9}"
EndProject
Project("{FAE04EC0-301F-11D3-BF4B-00C04F79EFBC}") = "DomainService", "DomainService\DomainService.csproj", "{90A8907D-A616-4FAC-8BFB-D95BCA9DE2F8}"
EndProject
Project("{FAE04EC0-301F-11D3-BF4B-00C04F79EFBC}") = "IRepository", "IRepository\IRepository.csproj", "{B4F6768E-8D2F-42D1-8B66-A1A17862EBBB}"
EndProject
Project("{2150E333-8FDC-42A3-9474-1A3956D46DE8}") = "4 - Infrastructure", "4 - Infrastructure", "{D9097002-F658-4C36-9D91-4C448E42AAC2}"
EndProject
Project("{FAE04EC0-301F-11D3-BF4B-00C04F79EFBC}") = "Repository", "Repository\Repository.csproj", "{14813C82-2206-4E39-A462-641AAD39E442}"
EndProject
Project("{FAE04EC0-301F-11D3-BF4B-00C04F79EFBC}") = "Utility", "Utility\Utility.csproj", "{751BAB08-33D5-4342-B5CA-FCF72B9FE17A}"
EndProject
Global
	GlobalSection(SolutionConfigurationPlatforms) = preSolution
		Debug|Any CPU = Debug|Any CPU
		Release|Any CPU = Release|Any CPU
	EndGlobalSection
	GlobalSection(ProjectConfigurationPlatforms) = postSolution
		{04FDA7D7-0E4F-41E4-AC20-73F6D9749BB0}.Debug|Any CPU.ActiveCfg = Debug|Any CPU
		{04FDA7D7-0E4F-41E4-AC20-73F6D9749BB0}.Debug|Any CPU.Build.0 = Debug|Any CPU
		{04FDA7D7-0E4F-41E4-AC20-73F6D9749BB0}.Release|Any CPU.ActiveCfg = Release|Any CPU
		{04FDA7D7-0E4F-41E4-AC20-73F6D9749BB0}.Release|Any CPU.Build.0 = Release|Any CPU
		{4580BDB5-6B99-4889-834F-83163CEA9F0F}.Debug|Any CPU.ActiveCfg = Debug|Any CPU
		{4580BDB5-6B99-4889-834F-83163CEA9F0F}.Debug|Any CPU.Build.0 = Debug|Any CPU
		{4580BDB5-6B99-4889-834F-83163CEA9F0F}.Release|Any CPU.ActiveCfg = Release|Any CPU
		{4580BDB5-6B99-4889-834F-83163CEA9F0F}.Release|Any CPU.Build.0 = Release|Any CPU
		{BC997531-B139-4734-A866-93DF223C98B3}.Debug|Any CPU.ActiveCfg = Debug|Any CPU
		{BC997531-B139-4734-A866-93DF223C98B3}.Debug|Any CPU.Build.0 = Debug|Any CPU
		{BC997531-B139-4734-A866-93DF223C98B3}.Release|Any CPU.ActiveCfg = Release|Any CPU
		{BC997531-B139-4734-A866-93DF223C98B3}.Release|Any CPU.Build.0 = Release|Any CPU
		{C0B7951D-6C5B-4246-8009-A04B73DE72AA}.Debug|Any CPU.ActiveCfg = Debug|Any CPU
		{C0B7951D-6C5B-4246-8009-A04B73DE72AA}.Debug|Any CPU.Build.0 = Debug|Any CPU
		{C0B7951D-6C5B-4246-8009-A04B73DE72AA}.Release|Any CPU.ActiveCfg = Release|Any CPU
		{C0B7951D-6C5B-4246-8009-A04B73DE72AA}.Release|Any CPU.Build.0 = Release|Any CPU
		{04FE1F44-3365-443D-9248-1FC4C2601CD9}.Debug|Any CPU.ActiveCfg = Debug|Any CPU
		{04FE1F44-3365-443D-9248-1FC4C2601CD9}.Debug|Any CPU.Build.0 = Debug|Any CPU
		{04FE1F44-3365-443D-9248-1FC4C2601CD9}.Release|Any CPU.ActiveCfg = Release|Any CPU
		{04FE1F44-3365-443D-9248-1FC4C2601CD9}.Release|Any CPU.Build.0 = Release|Any CPU
		{90A8907D-A616-4FAC-8BFB-D95BCA9DE2F8}.Debug|Any CPU.ActiveCfg = Debug|Any CPU
		{90A8907D-A616-4FAC-8BFB-D95BCA9DE2F8}.Debug|Any CPU.Build.0 = Debug|Any CPU
		{90A8907D-A616-4FAC-8BFB-D95BCA9DE2F8}.Release|Any CPU.ActiveCfg = Release|Any CPU
		{90A8907D-A616-4FAC-8BFB-D95BCA9DE2F8}.Release|Any CPU.Build.0 = Release|Any CPU
		{B4F6768E-8D2F-42D1-8B66-A1A17862EBBB}.Debug|Any CPU.ActiveCfg = Debug|Any CPU
		{B4F6768E-8D2F-42D1-8B66-A1A17862EBBB}.Debug|Any CPU.Build.0 = Debug|Any CPU
		{B4F6768E-8D2F-42D1-8B66-A1A17862EBBB}.Release|Any CPU.ActiveCfg = Release|Any CPU
		{B4F6768E-8D2F-42D1-8B66-A1A17862EBBB}.Release|Any CPU.Build.0 = Release|Any CPU
		{14813C82-2206-4E39-A462-641AAD39E442}.Debug|Any CPU.ActiveCfg = Debug|Any CPU
		{14813C82-2206-4E39-A462-641AAD39E442}.Debug|Any CPU.Build.0 = Debug|Any CPU
		{14813C82-2206-4E39-A462-641AAD39E442}.Release|Any CPU.ActiveCfg = Release|Any CPU
		{14813C82-2206-4E39-A462-641AAD39E442}.Release|Any CPU.Build.0 = Release|Any CPU
		{751BAB08-33D5-4342-B5CA-FCF72B9FE17A}.Debug|Any CPU.ActiveCfg = Debug|Any CPU
		{751BAB08-33D5-4342-B5CA-FCF72B9FE17A}.Debug|Any CPU.Build.0 = Debug|Any CPU
		{751BAB08-33D5-4342-B5CA-FCF72B9FE17A}.Release|Any CPU.ActiveCfg = Release|Any CPU
		{751BAB08-33D5-4342-B5CA-FCF72B9FE17A}.Release|Any CPU.Build.0 = Release|Any CPU
	EndGlobalSection
	GlobalSection(SolutionProperties) = preSolution
		HideSolutionNode = FALSE
	EndGlobalSection
	GlobalSection(NestedProjects) = preSolution
		{04FDA7D7-0E4F-41E4-AC20-73F6D9749BB0} = {FC94866F-09ED-494E-A67F-ADF6AECCCC57}
		{4580BDB5-6B99-4889-834F-83163CEA9F0F} = {0BB353D1-3CAD-42B7-AE58-23CC1A16CB49}
		{BC997531-B139-4734-A866-93DF223C98B3} = {0BB353D1-3CAD-42B7-AE58-23CC1A16CB49}
		{C0B7951D-6C5B-4246-8009-A04B73DE72AA} = {842378F2-2DCA-4864-848D-03F2F51207A3}
		{04FE1F44-3365-443D-9248-1FC4C2601CD9} = {842378F2-2DCA-4864-848D-03F2F51207A3}
		{90A8907D-A616-4FAC-8BFB-D95BCA9DE2F8} = {842378F2-2DCA-4864-848D-03F2F51207A3}
		{B4F6768E-8D2F-42D1-8B66-A1A17862EBBB} = {842378F2-2DCA-4864-848D-03F2F51207A3}
		{14813C82-2206-4E39-A462-641AAD39E442} = {D9097002-F658-4C36-9D91-4C448E42AAC2}
		{751BAB08-33D5-4342-B5CA-FCF72B9FE17A} = {D9097002-F658-4C36-9D91-4C448E42AAC2}
	EndGlobalSection
	GlobalSection(ExtensibilityGlobals) = postSolution
		SolutionGuid = {D7996284-E157-4DF4-A9A7-174DB924DD8B}
	EndGlobalSection
EndGlobal
